{
  "lockfileVersion": 1,
  "sources": {
    "git@github.com:gorgias/frontend": {
      "requestedRef": "main",
      "resolvedRef": "d2880df9c70caadd882eb875a5a61fc0cea7b06b",
      "resolvedAt": "2026-04-02T07:01:27.437Z",
      "skills": {
        "axiom": {
          "integrity": "sha256-2c0845c0ac2629d48fb539765892603e4591c74f0e88fda5fbab28c2d687c611"
        }
      }
    },
    "git@github.com:gorgias/rest-api-sdk": {
      "requestedRef": "main",
      "resolvedRef": "5092af027f0798af7172a0295d1b935370f4f156",
      "resolvedAt": "2026-04-02T07:01:33.915Z",
      "skills": {
        "rest-api-sdk": {
          "integrity": "sha256-2479e831b8297ce4c877bd10c128f1c0f7b2ccbd008b07be49cb934611c6f6c2"
        }
      }
    }
  }
}
