{
  "lockfileVersion": 1,
  "sources": {
    "gorgias/frontend:packages/axiom/.agents/skills": {
      "requestedRef": "main",
      "resolvedRef": "67a6aa69483e756428a3fe9e46081239f8b8ea07",
      "resolvedAt": "2026-06-08T12:32:16.890Z",
      "skills": {
        "axiom": {
          "integrity": "sha256-a42f8b3b78f40d408173f3e9847a66500fab963bbec5ecf08aab9ea456bad37e"
        }
      }
    },
    "gorgias/frontend:packages/toolkit/.agents/skills": {
      "requestedRef": "main",
      "resolvedRef": "67a6aa69483e756428a3fe9e46081239f8b8ea07",
      "resolvedAt": "2026-06-08T12:32:19.389Z",
      "skills": {
        "toolkit": {
          "integrity": "sha256-5f4818f08fcc1c418626e7921ccd47a8e632c8af3a62da10a1b3f59d1cd67035"
        }
      }
    },
    "gorgias/rest-api-sdk:.agents/skills": {
      "requestedRef": "main",
      "resolvedRef": "52f414cb8db98f64162322a6474df7b63b7815a5",
      "resolvedAt": "2026-06-08T12:32:21.742Z",
      "skills": {
        "rest-api-sdk": {
          "integrity": "sha256-2479e831b8297ce4c877bd10c128f1c0f7b2ccbd008b07be49cb934611c6f6c2"
        }
      }
    }
  }
}
